
Microsoft Visual Studio Solution File, Format Version 12.00
# Visual Studio 2012
Project("{8BC9CEB8-8B4A-11D0-8D11-00A0C91BC942}") = "I2C_Logic", "..\I2C_Logic\I2C_Logic.vcxproj", "{A5483635-DB86-4CB5-A658-290E11439A36}"
EndProject
Project("{8BC9CEB8-8B4A-11D0-8D11-00A0C91BC942}") = "I2C_HoloProjector", "..\I2C_HoloProjector\I2C_HoloProjector.vcxproj", "{C8FB0F58-2A04-4C76-83C8-4E1C8950405A}"
EndProject
Project("{8BC9CEB8-8B4A-11D0-8D11-00A0C91BC942}") = "I2C_MagicPanel", "..\I2C_MagicPanel\I2C_MagicPanel.vcxproj", "{282A8B94-7679-4330-9C2C-1C81B6CEC6F3}"
EndProject
Project("{8BC9CEB8-8B4A-11D0-8D11-00A0C91BC942}") = "I2C_MP3", "..\I2C_MP3\I2C_MP3.vcxproj", "{2BB8AC05-26DB-4474-8234-FD5408553310}"
EndProject
Project("{8BC9CEB8-8B4A-11D0-8D11-00A0C91BC942}") = "I2C_PS2", "..\I2C_PS2\I2C_PS2.vcxproj", "{89B67DB0-26A2-4495-ACF8-E5BEBAC5E23E}"
EndProject
Global
	GlobalSection(SolutionConfigurationPlatforms) = preSolution
		Debug|Win32 = Debug|Win32
		Release|Win32 = Release|Win32
	EndGlobalSection
	GlobalSection(ProjectConfigurationPlatforms) = postSolution
		{A5483635-DB86-4CB5-A658-290E11439A36}.Debug|Win32.ActiveCfg = Debug|Win32
		{A5483635-DB86-4CB5-A658-290E11439A36}.Debug|Win32.Build.0 = Debug|Win32
		{A5483635-DB86-4CB5-A658-290E11439A36}.Release|Win32.ActiveCfg = Release|Win32
		{A5483635-DB86-4CB5-A658-290E11439A36}.Release|Win32.Build.0 = Release|Win32
		{C8FB0F58-2A04-4C76-83C8-4E1C8950405A}.Debug|Win32.ActiveCfg = Debug|Win32
		{C8FB0F58-2A04-4C76-83C8-4E1C8950405A}.Debug|Win32.Build.0 = Debug|Win32
		{C8FB0F58-2A04-4C76-83C8-4E1C8950405A}.Release|Win32.ActiveCfg = Release|Win32
		{C8FB0F58-2A04-4C76-83C8-4E1C8950405A}.Release|Win32.Build.0 = Release|Win32
		{282A8B94-7679-4330-9C2C-1C81B6CEC6F3}.Debug|Win32.ActiveCfg = Debug|Win32
		{282A8B94-7679-4330-9C2C-1C81B6CEC6F3}.Debug|Win32.Build.0 = Debug|Win32
		{282A8B94-7679-4330-9C2C-1C81B6CEC6F3}.Release|Win32.ActiveCfg = Release|Win32
		{282A8B94-7679-4330-9C2C-1C81B6CEC6F3}.Release|Win32.Build.0 = Release|Win32
		{2BB8AC05-26DB-4474-8234-FD5408553310}.Debug|Win32.ActiveCfg = Debug|Win32
		{2BB8AC05-26DB-4474-8234-FD5408553310}.Debug|Win32.Build.0 = Debug|Win32
		{2BB8AC05-26DB-4474-8234-FD5408553310}.Release|Win32.ActiveCfg = Release|Win32
		{2BB8AC05-26DB-4474-8234-FD5408553310}.Release|Win32.Build.0 = Release|Win32
		{89B67DB0-26A2-4495-ACF8-E5BEBAC5E23E}.Debug|Win32.ActiveCfg = Debug|Win32
		{89B67DB0-26A2-4495-ACF8-E5BEBAC5E23E}.Debug|Win32.Build.0 = Debug|Win32
		{89B67DB0-26A2-4495-ACF8-E5BEBAC5E23E}.Release|Win32.ActiveCfg = Release|Win32
		{89B67DB0-26A2-4495-ACF8-E5BEBAC5E23E}.Release|Win32.Build.0 = Release|Win32
	EndGlobalSection
	GlobalSection(SolutionProperties) = preSolution
		HideSolutionNode = FALSE
	EndGlobalSection
EndGlobal
